# THIS IS AN AUTOGENERATED FILE. DO NOT EDIT THIS FILE DIRECTLY.
# yarn lockfile v1


"@editorjs/editorjs@^2.22.2":
  version "2.22.2"
  resolved "https://registry.yarnpkg.com/@editorjs/editorjs/-/editorjs-2.22.2.tgz#bf1d10c9fa9dd1dc574c18d8f4b77fef43d8e7f6"
  integrity sha512-rPCv7Z5LZebreQaaL4DZuWzoVGEqwB+P7BF1dsefGQNBmLyeLF412topeW2b6e+g4l1oQ7t75kCOACNTEyYYIA==
  dependencies:
    codex-notifier "^1.1.2"
    codex-tooltip "^1.0.2"
    nanoid "^3.1.22"

codex-notifier@^1.1.2:
  version "1.1.2"
  resolved "https://registry.yarnpkg.com/codex-notifier/-/codex-notifier-1.1.2.tgz#a733079185f4c927fa296f1d71eb8753fe080895"
  integrity sha512-DCp6xe/LGueJ1N5sXEwcBc3r3PyVkEEDNWCVigfvywAkeXcZMk9K41a31tkEFBW0Ptlwji6/JlAb49E3Yrxbtg==

codex-tooltip@^1.0.2:
  version "1.0.4"
  resolved "https://registry.yarnpkg.com/codex-tooltip/-/codex-tooltip-1.0.4.tgz#bb8c6e0fe7accc68ce79cdcb7c71bf7b4bf1317a"
  integrity sha512-Ud+N+y8PMIa9xGyKuo2j3q8QlfTzkMWQ5KeRrbCDerwVn7xq45nqPKQCFBXEMV0YI42/OqSMnsxP8MyVAyVhnA==

nanoid@^3.1.22:
  version "3.1.30"
  resolved "https://registry.yarnpkg.com/nanoid/-/nanoid-3.1.30.tgz#63f93cc548d2a113dc5dfbc63bfa09e2b9b64362"
  integrity sha512-zJpuPDwOv8D2zq2WRoMe1HsfZthVewpel9CAvTfc/2mBD1uUT/agc5f7GHGWXlYkFvi1mVxe4IjvP2HNrop7nQ==
