# THIS IS AN AUTOGENERATED FILE. DO NOT EDIT THIS FILE DIRECTLY.
# yarn lockfile v1


"@editorjs/editorjs@^2.22.2":
  "integrity" "sha512-rPCv7Z5LZebreQaaL4DZuWzoVGEqwB+P7BF1dsefGQNBmLyeLF412topeW2b6e+g4l1oQ7t75kCOACNTEyYYIA=="
  "resolved" "https://registry.npmjs.org/@editorjs/editorjs/-/editorjs-2.22.2.tgz"
  "version" "2.22.2"
  dependencies:
    "codex-notifier" "^1.1.2"
    "codex-tooltip" "^1.0.2"
    "nanoid" "^3.1.22"

"codex-notifier@^1.1.2":
  "integrity" "sha512-DCp6xe/LGueJ1N5sXEwcBc3r3PyVkEEDNWCVigfvywAkeXcZMk9K41a31tkEFBW0Ptlwji6/JlAb49E3Yrxbtg=="
  "resolved" "https://registry.npmjs.org/codex-notifier/-/codex-notifier-1.1.2.tgz"
  "version" "1.1.2"

"codex-tooltip@^1.0.2":
  "integrity" "sha512-Ud+N+y8PMIa9xGyKuo2j3q8QlfTzkMWQ5KeRrbCDerwVn7xq45nqPKQCFBXEMV0YI42/OqSMnsxP8MyVAyVhnA=="
  "resolved" "https://registry.npmjs.org/codex-tooltip/-/codex-tooltip-1.0.4.tgz"
  "version" "1.0.4"

"jquery@^3.6.0":
  "integrity" "sha512-JVzAR/AjBvVt2BmYhxRCSYysDsPcssdmTFnzyLEts9qNwmjmu4JTAMYubEfwVOSwpQ1I1sKKFcxhZCI2buerfw=="
  "resolved" "https://registry.npmjs.org/jquery/-/jquery-3.6.0.tgz"
  "version" "3.6.0"

"nanoid@^3.1.22":
  "integrity" "sha512-zJpuPDwOv8D2zq2WRoMe1HsfZthVewpel9CAvTfc/2mBD1uUT/agc5f7GHGWXlYkFvi1mVxe4IjvP2HNrop7nQ=="
  "resolved" "https://registry.npmjs.org/nanoid/-/nanoid-3.1.30.tgz"
  "version" "3.1.30"
